Microsoft Visual Studio Solution File, Format Version 12.00
# Visual Studio 2012
Project("{FAE04EC0-301F-11D3-BF4B-00C04F79EFBC}") = "Dodger", "Dodger.csproj", "{A311965C-EDF2-4FBF-82D7-17A90F8EC1A1}"
EndProject
Global
	GlobalSection(SolutionConfigurationPlatforms) = preSolution
	Debug|Any CPU = Debug|Any CPU
	ExportDebug|Any CPU = ExportDebug|Any CPU
	ExportRelease|Any CPU = ExportRelease|Any CPU
	EndGlobalSection
	GlobalSection(ProjectConfigurationPlatforms) = postSolution
		{A311965C-EDF2-4FBF-82D7-17A90F8EC1A1}.Debug|Any CPU.ActiveCfg = Debug|Any CPU
		{A311965C-EDF2-4FBF-82D7-17A90F8EC1A1}.Debug|Any CPU.Build.0 = Debug|Any CPU
		{A311965C-EDF2-4FBF-82D7-17A90F8EC1A1}.ExportDebug|Any CPU.ActiveCfg = ExportDebug|Any CPU
		{A311965C-EDF2-4FBF-82D7-17A90F8EC1A1}.ExportDebug|Any CPU.Build.0 = ExportDebug|Any CPU
		{A311965C-EDF2-4FBF-82D7-17A90F8EC1A1}.ExportRelease|Any CPU.ActiveCfg = ExportRelease|Any CPU
		{A311965C-EDF2-4FBF-82D7-17A90F8EC1A1}.ExportRelease|Any CPU.Build.0 = ExportRelease|Any CPU
	EndGlobalSection
EndGlobal
